
Microsoft Visual Studio Solution File, Format Version 12.00
# Visual Studio Version 17
VisualStudioVersion = 17.14.36623.8
MinimumVisualStudioVersion = 10.0.40219.1
Project("{FAE04EC0-301F-11D3-BF4B-00C04F79EFBC}") = "FW4di.Dotnet.MVVM", "FW4di.Dotnet.MVVM\FW4di.Dotnet.MVVM.csproj", "{5056B5EF-9BDD-4561-A87C-4092AEDD6F92}"
EndProject
Project("{FAE04EC0-301F-11D3-BF4B-00C04F79EFBC}") = "FW4di.Dotnet.MVVM.Tests", "FW4di.Dotnet.MVVM.Tests\FW4di.Dotnet.MVVM.Tests.csproj", "{9D44B17F-2DE7-43D6-8EB0-458026B42B6C}"
EndProject
Global
	GlobalSection(SolutionConfigurationPlatforms) = preSolution
		Debug|Any CPU = Debug|Any CPU
		Release|Any CPU = Release|Any CPU
	EndGlobalSection
	GlobalSection(ProjectConfigurationPlatforms) = postSolution
		{5056B5EF-9BDD-4561-A87C-4092AEDD6F92}.Debug|Any CPU.ActiveCfg = Debug|Any CPU
		{5056B5EF-9BDD-4561-A87C-4092AEDD6F92}.Debug|Any CPU.Build.0 = Debug|Any CPU
		{5056B5EF-9BDD-4561-A87C-4092AEDD6F92}.Release|Any CPU.ActiveCfg = Release|Any CPU
		{5056B5EF-9BDD-4561-A87C-4092AEDD6F92}.Release|Any CPU.Build.0 = Release|Any CPU
		{9D44B17F-2DE7-43D6-8EB0-458026B42B6C}.Debug|Any CPU.ActiveCfg = Debug|Any CPU
		{9D44B17F-2DE7-43D6-8EB0-458026B42B6C}.Debug|Any CPU.Build.0 = Debug|Any CPU
		{9D44B17F-2DE7-43D6-8EB0-458026B42B6C}.Release|Any CPU.ActiveCfg = Release|Any CPU
		{9D44B17F-2DE7-43D6-8EB0-458026B42B6C}.Release|Any CPU.Build.0 = Release|Any CPU
	EndGlobalSection
	GlobalSection(SolutionProperties) = preSolution
		HideSolutionNode = FALSE
	EndGlobalSection
	GlobalSection(ExtensibilityGlobals) = postSolution
		SolutionGuid = {2C2D3049-4E01-4565-8C4E-401F3226F156}
	EndGlobalSection
EndGlobal
