
Microsoft Visual Studio Solution File, Format Version 12.00
# Visual Studio Version 18
VisualStudioVersion = 18.1.11304.174
MinimumVisualStudioVersion = 10.0.40219.1
Project("{FAE04EC0-301F-11D3-BF4B-00C04F79EFBC}") = "FW4di.Dotnet.MVVM", "FW4di.Dotnet.MVVM\FW4di.Dotnet.MVVM.csproj", "{A3B168D4-E8E2-48F4-AE29-4E77675D2ECB}"
EndProject
Project("{FAE04EC0-301F-11D3-BF4B-00C04F79EFBC}") = "FW4di.Dotnet.MVVM.Tests", "FW4di.Dotnet.MVVM.Tests\FW4di.Dotnet.MVVM.Tests.csproj", "{6EFBA683-623C-4F45-8E91-8A05A28724DA}"
EndProject
Global
	GlobalSection(SolutionConfigurationPlatforms) = preSolution
		Debug|Any CPU = Debug|Any CPU
		Release|Any CPU = Release|Any CPU
	EndGlobalSection
	GlobalSection(ProjectConfigurationPlatforms) = postSolution
		{A3B168D4-E8E2-48F4-AE29-4E77675D2ECB}.Debug|Any CPU.ActiveCfg = Debug|Any CPU
		{A3B168D4-E8E2-48F4-AE29-4E77675D2ECB}.Debug|Any CPU.Build.0 = Debug|Any CPU
		{A3B168D4-E8E2-48F4-AE29-4E77675D2ECB}.Release|Any CPU.ActiveCfg = Release|Any CPU
		{A3B168D4-E8E2-48F4-AE29-4E77675D2ECB}.Release|Any CPU.Build.0 = Release|Any CPU
		{6EFBA683-623C-4F45-8E91-8A05A28724DA}.Debug|Any CPU.ActiveCfg = Debug|Any CPU
		{6EFBA683-623C-4F45-8E91-8A05A28724DA}.Debug|Any CPU.Build.0 = Debug|Any CPU
		{6EFBA683-623C-4F45-8E91-8A05A28724DA}.Release|Any CPU.ActiveCfg = Release|Any CPU
		{6EFBA683-623C-4F45-8E91-8A05A28724DA}.Release|Any CPU.Build.0 = Release|Any CPU
	EndGlobalSection
	GlobalSection(SolutionProperties) = preSolution
		HideSolutionNode = FALSE
	EndGlobalSection
	GlobalSection(ExtensibilityGlobals) = postSolution
		SolutionGuid = {2C2D3049-4E01-4565-8C4E-401F3226F156}
	EndGlobalSection
EndGlobal
